
Microsoft Visual Studio Solution File, Format Version 12.00
# Visual Studio Version 17
VisualStudioVersion = 17.6.33829.357
MinimumVisualStudioVersion = 10.0.40219.1
Project("{FAE04EC0-301F-11D3-BF4B-00C04F79EFBC}") = "Практическая № 8 ( Обработка строк ) ( задание № 2 )", "Практическая № 8 ( Обработка строк ) ( задание № 2 )\Практическая № 8 ( Обработка строк ) ( задание № 2 ).csproj", "{797C67B8-27F2-497F-9851-E1044F7CDF49}"
EndProject
Global
	GlobalSection(SolutionConfigurationPlatforms) = preSolution
		Debug|Any CPU = Debug|Any CPU
		Release|Any CPU = Release|Any CPU
	EndGlobalSection
	GlobalSection(ProjectConfigurationPlatforms) = postSolution
		{797C67B8-27F2-497F-9851-E1044F7CDF49}.Debug|Any CPU.ActiveCfg = Debug|Any CPU
		{797C67B8-27F2-497F-9851-E1044F7CDF49}.Debug|Any CPU.Build.0 = Debug|Any CPU
		{797C67B8-27F2-497F-9851-E1044F7CDF49}.Release|Any CPU.ActiveCfg = Release|Any CPU
		{797C67B8-27F2-497F-9851-E1044F7CDF49}.Release|Any CPU.Build.0 = Release|Any CPU
	EndGlobalSection
	GlobalSection(SolutionProperties) = preSolution
		HideSolutionNode = FALSE
	EndGlobalSection
	GlobalSection(ExtensibilityGlobals) = postSolution
		SolutionGuid = {47C20C07-E1F5-481C-81D7-C40FA088D425}
	EndGlobalSection
EndGlobal
