
Microsoft Visual Studio Solution File, Format Version 12.00
# Visual Studio Version 17
VisualStudioVersion = 17.6.33829.357
MinimumVisualStudioVersion = 10.0.40219.1
Project("{FAE04EC0-301F-11D3-BF4B-00C04F79EFBC}") = "Практическая № 8 ( Обработка строк ) ( задание № 3 )", "Практическая № 8 ( Обработка строк ) ( задание № 3 )\Практическая № 8 ( Обработка строк ) ( задание № 3 ).csproj", "{C73078DA-8C45-4D32-84B0-D35A63B4249E}"
EndProject
Global
	GlobalSection(SolutionConfigurationPlatforms) = preSolution
		Debug|Any CPU = Debug|Any CPU
		Release|Any CPU = Release|Any CPU
	EndGlobalSection
	GlobalSection(ProjectConfigurationPlatforms) = postSolution
		{C73078DA-8C45-4D32-84B0-D35A63B4249E}.Debug|Any CPU.ActiveCfg = Debug|Any CPU
		{C73078DA-8C45-4D32-84B0-D35A63B4249E}.Debug|Any CPU.Build.0 = Debug|Any CPU
		{C73078DA-8C45-4D32-84B0-D35A63B4249E}.Release|Any CPU.ActiveCfg = Release|Any CPU
		{C73078DA-8C45-4D32-84B0-D35A63B4249E}.Release|Any CPU.Build.0 = Release|Any CPU
	EndGlobalSection
	GlobalSection(SolutionProperties) = preSolution
		HideSolutionNode = FALSE
	EndGlobalSection
	GlobalSection(ExtensibilityGlobals) = postSolution
		SolutionGuid = {5FCC95BA-D19A-4611-9757-D3B7FD65E189}
	EndGlobalSection
EndGlobal
